
Microsoft Visual Studio Solution File, Format Version 12.00
# Visual Studio 14
VisualStudioVersion = 14.0.25420.1
MinimumVisualStudioVersion = 10.0.40219.1
Project("{FAE04EC0-301F-11D3-BF4B-00C04F79EFBC}") = "ZangAPI", "ZangAPI\ZangAPI.csproj", "{9BB43527-2974-4D68-BC00-CCABF5157D17}"
EndProject
Project("{FAE04EC0-301F-11D3-BF4B-00C04F79EFBC}") = "ZangAPI.Tests", "ZangAPI.Tests\ZangAPI.Tests.csproj", "{CEC170D4-C380-4920-B660-5B7F6A7E02CC}"
EndProject
Global
	GlobalSection(SolutionConfigurationPlatforms) = preSolution
		Debug|Any CPU = Debug|Any CPU
		Release|Any CPU = Release|Any CPU
	EndGlobalSection
	GlobalSection(ProjectConfigurationPlatforms) = postSolution
		{9BB43527-2974-4D68-BC00-CCABF5157D17}.Debug|Any CPU.ActiveCfg = Debug|Any CPU
		{9BB43527-2974-4D68-BC00-CCABF5157D17}.Debug|Any CPU.Build.0 = Debug|Any CPU
		{9BB43527-2974-4D68-BC00-CCABF5157D17}.Release|Any CPU.ActiveCfg = Release|Any CPU
		{9BB43527-2974-4D68-BC00-CCABF5157D17}.Release|Any CPU.Build.0 = Release|Any CPU
		{CEC170D4-C380-4920-B660-5B7F6A7E02CC}.Debug|Any CPU.ActiveCfg = Debug|Any CPU
		{CEC170D4-C380-4920-B660-5B7F6A7E02CC}.Debug|Any CPU.Build.0 = Debug|Any CPU
		{CEC170D4-C380-4920-B660-5B7F6A7E02CC}.Release|Any CPU.ActiveCfg = Release|Any CPU
		{CEC170D4-C380-4920-B660-5B7F6A7E02CC}.Release|Any CPU.Build.0 = Release|Any CPU
	EndGlobalSection
	GlobalSection(SolutionProperties) = preSolution
		HideSolutionNode = FALSE
	EndGlobalSection
EndGlobal
